// !$*UTF8*$!
{
	archiveVersion = 1;
	classes = {
	};
	objectVersion = 56;
	objects = {

/* Begin PBXBuildFile section */
		CA110FE62AE4FFF500BD4C7C /* SFProDisplay-Bold.ttf in Resources */ = {isa = PBXBuildFile; fileRef = CA110FE52AE4FFF400BD4C7C /* SFProDisplay-Bold.ttf */; };
		CA110FE82AE4FFFD00BD4C7C /* SF-Pro-Text-Semibold.otf in Resources */ = {isa = PBXBuildFile; fileRef = CA110FE72AE4FFFD00BD4C7C /* SF-Pro-Text-Semibold.otf */; };
		CA110FEA2AE5000200BD4C7C /* SF-Pro-Text-Regular.otf in Resources */ = {isa = PBXBuildFile; fileRef = CA110FE92AE5000200BD4C7C /* SF-Pro-Text-Regular.otf */; };
		CA110FEC2AE5000700BD4C7C /* RFontStyle.swift in Sources */ = {isa = PBXBuildFile; fileRef = CA110FEB2AE5000700BD4C7C /* RFontStyle.swift */; };
		CA110FEE2AE5000D00BD4C7C /* MyriadPro-SemiExtIt.ttf in Resources */ = {isa = PBXBuildFile; fileRef = CA110FED2AE5000D00BD4C7C /* MyriadPro-SemiExtIt.ttf */; };
		CA110FF02AE5001400BD4C7C /* MyriadPro-SemiExt.ttf in Resources */ = {isa = PBXBuildFile; fileRef = CA110FEF2AE5001400BD4C7C /* MyriadPro-SemiExt.ttf */; };
		CA110FF22AE5003C00BD4C7C /* MyriadPro-SemiCnIt.ttf in Resources */ = {isa = PBXBuildFile; fileRef = CA110FF12AE5003C00BD4C7C /* MyriadPro-SemiCnIt.ttf */; };
		CA110FF42AE5004100BD4C7C /* MyriadPro-SemiCn.ttf in Resources */ = {isa = PBXBuildFile; fileRef = CA110FF32AE5004100BD4C7C /* MyriadPro-SemiCn.ttf */; };
		CA110FF62AE5004500BD4C7C /* MyriadPro-SemiboldSemiExtIt.ttf in Resources */ = {isa = PBXBuildFile; fileRef = CA110FF52AE5004500BD4C7C /* MyriadPro-SemiboldSemiExtIt.ttf */; };
		CA1110112AE5008F00BD4C7C /* MyriadPro-LightIt.ttf in Resources */ = {isa = PBXBuildFile; fileRef = CA110FF72AE5008C00BD4C7C /* MyriadPro-LightIt.ttf */; };
		CA1110122AE5008F00BD4C7C /* MyriadPro-BoldSemiCn.ttf in Resources */ = {isa = PBXBuildFile; fileRef = CA110FF82AE5008C00BD4C7C /* MyriadPro-BoldSemiCn.ttf */; };
		CA1110132AE5008F00BD4C7C /* MyriadPro-BoldCond.ttf in Resources */ = {isa = PBXBuildFile; fileRef = CA110FF92AE5008C00BD4C7C /* MyriadPro-BoldCond.ttf */; };
		CA1110142AE5008F00BD4C7C /* MyriadPro-SemiboldCond.ttf in Resources */ = {isa = PBXBuildFile; fileRef = CA110FFA2AE5008C00BD4C7C /* MyriadPro-SemiboldCond.ttf */; };
		CA1110152AE5008F00BD4C7C /* MyriadPro-BoldSemiCnIt.ttf in Resources */ = {isa = PBXBuildFile; fileRef = CA110FFB2AE5008C00BD4C7C /* MyriadPro-BoldSemiCnIt.ttf */; };
		CA1110162AE5008F00BD4C7C /* MyriadPro-Cond.ttf in Resources */ = {isa = PBXBuildFile; fileRef = CA110FFC2AE5008C00BD4C7C /* MyriadPro-Cond.ttf */; };
		CA1110172AE5008F00BD4C7C /* MyriadPro-LightSemiCnIt.ttf in Resources */ = {isa = PBXBuildFile; fileRef = CA110FFD2AE5008C00BD4C7C /* MyriadPro-LightSemiCnIt.ttf */; };
		CA1110182AE5008F00BD4C7C /* MyriadPro-SemiboldCondIt.ttf in Resources */ = {isa = PBXBuildFile; fileRef = CA110FFE2AE5008D00BD4C7C /* MyriadPro-SemiboldCondIt.ttf */; };
		CA1110192AE5008F00BD4C7C /* MyriadPro-LightSemiExtIt.ttf in Resources */ = {isa = PBXBuildFile; fileRef = CA110FFF2AE5008D00BD4C7C /* MyriadPro-LightSemiExtIt.ttf */; };
		CA11101A2AE5008F00BD4C7C /* MyriadPro-LightSemiExt.ttf in Resources */ = {isa = PBXBuildFile; fileRef = CA1110002AE5008D00BD4C7C /* MyriadPro-LightSemiExt.ttf */; };
		CA11101C2AE5008F00BD4C7C /* MyriadPro-LightSemiCn.ttf in Resources */ = {isa = PBXBuildFile; fileRef = CA1110022AE5008D00BD4C7C /* MyriadPro-LightSemiCn.ttf */; };
		CA11101D2AE5008F00BD4C7C /* MyriadPro-BoldSemiExtIt.ttf in Resources */ = {isa = PBXBuildFile; fileRef = CA1110032AE5008D00BD4C7C /* MyriadPro-BoldSemiExtIt.ttf */; };
		CA11101E2AE5008F00BD4C7C /* MyriadPro-CondIt.ttf in Resources */ = {isa = PBXBuildFile; fileRef = CA1110042AE5008D00BD4C7C /* MyriadPro-CondIt.ttf */; };
		CA11101F2AE5008F00BD4C7C /* MyriadPro-BoldIt.ttf in Resources */ = {isa = PBXBuildFile; fileRef = CA1110052AE5008D00BD4C7C /* MyriadPro-BoldIt.ttf */; };
		CA1110202AE5008F00BD4C7C /* MyriadPro-BoldSemiExt.ttf in Resources */ = {isa = PBXBuildFile; fileRef = CA1110062AE5008D00BD4C7C /* MyriadPro-BoldSemiExt.ttf */; };
		CA1110212AE5008F00BD4C7C /* MyriadPro-Regular.ttf in Resources */ = {isa = PBXBuildFile; fileRef = CA1110072AE5008E00BD4C7C /* MyriadPro-Regular.ttf */; };
		CA1110222AE5008F00BD4C7C /* MyriadPro-SemiboldSemiCn.ttf in Resources */ = {isa = PBXBuildFile; fileRef = CA1110082AE5008E00BD4C7C /* MyriadPro-SemiboldSemiCn.ttf */; };
		CA1110232AE5008F00BD4C7C /* MyriadPro-LightCondIt.ttf in Resources */ = {isa = PBXBuildFile; fileRef = CA1110092AE5008E00BD4C7C /* MyriadPro-LightCondIt.ttf */; };
		CA1110242AE5008F00BD4C7C /* MyriadPro-LightCond.ttf in Resources */ = {isa = PBXBuildFile; fileRef = CA11100A2AE5008E00BD4C7C /* MyriadPro-LightCond.ttf */; };
		CA1110252AE5008F00BD4C7C /* MyriadPro-BoldCondIt.ttf in Resources */ = {isa = PBXBuildFile; fileRef = CA11100B2AE5008E00BD4C7C /* MyriadPro-BoldCondIt.ttf */; };
		CA1110262AE5008F00BD4C7C /* MyriadPro-SemiboldSemiExt.ttf in Resources */ = {isa = PBXBuildFile; fileRef = CA11100C2AE5008E00BD4C7C /* MyriadPro-SemiboldSemiExt.ttf */; };
		CA1110272AE5008F00BD4C7C /* MyriadPro-SemiboldSemiCnIt.ttf in Resources */ = {isa = PBXBuildFile; fileRef = CA11100D2AE5008E00BD4C7C /* MyriadPro-SemiboldSemiCnIt.ttf */; };
		CA1110282AE5008F00BD4C7C /* MyriadPro-SemiboldIt.ttf in Resources */ = {isa = PBXBuildFile; fileRef = CA11100E2AE5008E00BD4C7C /* MyriadPro-SemiboldIt.ttf */; };
		CA1110292AE5008F00BD4C7C /* MyriadPro-It.ttf in Resources */ = {isa = PBXBuildFile; fileRef = CA11100F2AE5008F00BD4C7C /* MyriadPro-It.ttf */; };
		CA11102A2AE5008F00BD4C7C /* MyriadPro-Light.ttf in Resources */ = {isa = PBXBuildFile; fileRef = CA1110102AE5008F00BD4C7C /* MyriadPro-Light.ttf */; };
		CA11102D2AE5089D00BD4C7C /* RCorol.swift in Sources */ = {isa = PBXBuildFile; fileRef = CA11102C2AE5089D00BD4C7C /* RCorol.swift */; };
		CA12F7B62B0D17E300394CF5 /* HomePageViewModel.swift in Sources */ = {isa = PBXBuildFile; fileRef = CA12F7B52B0D17E300394CF5 /* HomePageViewModel.swift */; };
		CA12F7BB2B0D1D2B00394CF5 /* FurshetInfoViewCell.swift in Sources */ = {isa = PBXBuildFile; fileRef = CA12F7BA2B0D1D2B00394CF5 /* FurshetInfoViewCell.swift */; };
		CA23F7042B3F3815004AAA42 /* PositionModel.swift in Sources */ = {isa = PBXBuildFile; fileRef = CA23F7032B3F3815004AAA42 /* PositionModel.swift */; };
		CA34EFFE2B4C3CBF0050E9F6 /* StringExt.swift in Sources */ = {isa = PBXBuildFile; fileRef = CA34EFFD2B4C3CBF0050E9F6 /* StringExt.swift */; };
		CA3D65AB2B7001E4002F124B /* FirebaseAuth.framework in Frameworks */ = {isa = PBXBuildFile; fileRef = CA3D65AA2B7001E4002F124B /* FirebaseAuth.framework */; };
		CA3D65AD2B7001EA002F124B /* FirebaseCoreExtension.framework in Frameworks */ = {isa = PBXBuildFile; fileRef = CA3D65AC2B7001EA002F124B /* FirebaseCoreExtension.framework */; };
		CA3D65AF2B7001F6002F124B /* FlagPhoneNumber.framework in Frameworks */ = {isa = PBXBuildFile; fileRef = CA3D65AE2B7001F6002F124B /* FlagPhoneNumber.framework */; };
		CA3D65B32B700203002F124B /* FirebaseFirestore.framework in Frameworks */ = {isa = PBXBuildFile; fileRef = CA3D65B22B700203002F124B /* FirebaseFirestore.framework */; };
		CA3D65B52B700209002F124B /* FirebaseDatabase.framework in Frameworks */ = {isa = PBXBuildFile; fileRef = CA3D65B42B700209002F124B /* FirebaseDatabase.framework */; };
		CA3D65B72B700215002F124B /* FirebaseStorage.framework in Frameworks */ = {isa = PBXBuildFile; fileRef = CA3D65B62B700215002F124B /* FirebaseStorage.framework */; };
		CA4E8C9B2AE98F0500CE8D16 /* ProfileUserModel.swift in Sources */ = {isa = PBXBuildFile; fileRef = CA4E8C9A2AE98F0500CE8D16 /* ProfileUserModel.swift */; };
		CA4E8C9D2AE99B7A00CE8D16 /* FurshetInfoModel.swift in Sources */ = {isa = PBXBuildFile; fileRef = CA4E8C9C2AE99B7A00CE8D16 /* FurshetInfoModel.swift */; };
		CA50356B2B41A3CB00571266 /* HistoryOrdersViewModel.swift in Sources */ = {isa = PBXBuildFile; fileRef = CA50356A2B41A3CB00571266 /* HistoryOrdersViewModel.swift */; };
		CA50356D2B41A41500571266 /* HistoryOrdersViewController.swift in Sources */ = {isa = PBXBuildFile; fileRef = CA50356C2B41A41500571266 /* HistoryOrdersViewController.swift */; };
		CA5491852AF8125F000737B4 /* AuthService.swift in Sources */ = {isa = PBXBuildFile; fileRef = CA5491842AF8125F000737B4 /* AuthService.swift */; };
		CA5491872AF81BC8000737B4 /* DatabaseService.swift in Sources */ = {isa = PBXBuildFile; fileRef = CA5491862AF81BC8000737B4 /* DatabaseService.swift */; };
		CA598CD22B0FAD430024B9CE /* AuthViewController.swift in Sources */ = {isa = PBXBuildFile; fileRef = CA598CD12B0FAD430024B9CE /* AuthViewController.swift */; };
		CA5C13502B722134009F72D4 /* HistoryOrdersCell.swift in Sources */ = {isa = PBXBuildFile; fileRef = CA5C134F2B722134009F72D4 /* HistoryOrdersCell.swift */; };
		CA6442882B8BAC39008F4D11 /* BasketProductViewModel.swift in Sources */ = {isa = PBXBuildFile; fileRef = CA6442872B8BAC39008F4D11 /* BasketProductViewModel.swift */; };
		CA655EE02B1F8B59000FBD2C /* StorageService.swift in Sources */ = {isa = PBXBuildFile; fileRef = CA655EDF2B1F8B59000FBD2C /* StorageService.swift */; };
		CA6881B82B03B2EB005EB250 /* ProfileUserViewModel.swift in Sources */ = {isa = PBXBuildFile; fileRef = CA6881B72B03B2EB005EB250 /* ProfileUserViewModel.swift */; };
		CA6B20C22B3AE74200D09572 /* OrderModel.swift in Sources */ = {isa = PBXBuildFile; fileRef = CA6B20C12B3AE74200D09572 /* OrderModel.swift */; };
		CA6B20C42B3AE79700D09572 /* BasketProductManager.swift in Sources */ = {isa = PBXBuildFile; fileRef = CA6B20C32B3AE79700D09572 /* BasketProductManager.swift */; };
		CA6B20C62B3AE7C300D09572 /* BasketProductViewController.swift in Sources */ = {isa = PBXBuildFile; fileRef = CA6B20C52B3AE7C300D09572 /* BasketProductViewController.swift */; };
		CA6B20CC2B3AF2F600D09572 /* GoogleService-Info.plist in Resources */ = {isa = PBXBuildFile; fileRef = CA6B20CB2B3AF2F600D09572 /* GoogleService-Info.plist */; };
		CA6DF6E72AEA9F8800AC6F22 /* ProfileUserViewController.swift in Sources */ = {isa = PBXBuildFile; fileRef = CA6DF6E62AEA9F8800AC6F22 /* ProfileUserViewController.swift */; };
		CA6DF6E92AEAAE6600AC6F22 /* RegistrationUserViewController.swift in Sources */ = {isa = PBXBuildFile; fileRef = CA6DF6E82AEAAE6500AC6F22 /* RegistrationUserViewController.swift */; };
		CA795C772B5FACE9003DA7E2 /* CountProductView.swift in Sources */ = {isa = PBXBuildFile; fileRef = CA795C762B5FACE8003DA7E2 /* CountProductView.swift */; };
		CA7E9DD12B583D14008EC221 /* MenuModel.swift in Sources */ = {isa = PBXBuildFile; fileRef = CA7E9DD02B583D14008EC221 /* MenuModel.swift */; };
		CA7E9DD32B583D45008EC221 /* ProductModel.swift in Sources */ = {isa = PBXBuildFile; fileRef = CA7E9DD22B583D45008EC221 /* ProductModel.swift */; };
		CA7E9DD52B583D60008EC221 /* MainTableBaRController.swift in Sources */ = {isa = PBXBuildFile; fileRef = CA7E9DD42B583D60008EC221 /* MainTableBaRController.swift */; };
		CA7E9DD72B583D68008EC221 /* BaseViewController.swift in Sources */ = {isa = PBXBuildFile; fileRef = CA7E9DD62B583D68008EC221 /* BaseViewController.swift */; };
		CA7E9DD92B583F56008EC221 /* MenuViewModel.swift in Sources */ = {isa = PBXBuildFile; fileRef = CA7E9DD82B583F56008EC221 /* MenuViewModel.swift */; };
		CA7E9DDB2B583F8D008EC221 /* MenuViewController.swift in Sources */ = {isa = PBXBuildFile; fileRef = CA7E9DDA2B583F8D008EC221 /* MenuViewController.swift */; };
		CA7E9DE12B585877008EC221 /* MenuTypeView.swift in Sources */ = {isa = PBXBuildFile; fileRef = CA7E9DE02B585877008EC221 /* MenuTypeView.swift */; };
		CA7E9DE32B5859AC008EC221 /* FCellViewModel.swift in Sources */ = {isa = PBXBuildFile; fileRef = CA7E9DE22B5859AC008EC221 /* FCellViewModel.swift */; };
		CA7E9DE52B585A12008EC221 /* FFilableCell.swift in Sources */ = {isa = PBXBuildFile; fileRef = CA7E9DE42B585A12008EC221 /* FFilableCell.swift */; };
		CA7E9DE72B585A42008EC221 /* FTableViewCell.swift in Sources */ = {isa = PBXBuildFile; fileRef = CA7E9DE62B585A42008EC221 /* FTableViewCell.swift */; };
		CA7E9DE92B585A8F008EC221 /* FCollectionViewCell.swift in Sources */ = {isa = PBXBuildFile; fileRef = CA7E9DE82B585A8F008EC221 /* FCollectionViewCell.swift */; };
		CA7E9DEE2B585C6A008EC221 /* AddProductView.swift in Sources */ = {isa = PBXBuildFile; fileRef = CA7E9DED2B585C6A008EC221 /* AddProductView.swift */; };
		CA7E9DF62B585D37008EC221 /* MenuTypeCollectionCell.swift in Sources */ = {isa = PBXBuildFile; fileRef = CA7E9DF52B585D37008EC221 /* MenuTypeCollectionCell.swift */; };
		CA7E9DFA2B585D94008EC221 /* MenuTypeCollectionCellModel.swift in Sources */ = {isa = PBXBuildFile; fileRef = CA7E9DF92B585D94008EC221 /* MenuTypeCollectionCellModel.swift */; };
		CA7E9DFC2B585DAE008EC221 /* ProductCell.swift in Sources */ = {isa = PBXBuildFile; fileRef = CA7E9DFB2B585DAE008EC221 /* ProductCell.swift */; };
		CA7E9DFE2B585DBA008EC221 /* ProductCellModel.swift in Sources */ = {isa = PBXBuildFile; fileRef = CA7E9DFD2B585DBA008EC221 /* ProductCellModel.swift */; };
		CA7E9E002B585DD1008EC221 /* PromoBanerCellModel.swift in Sources */ = {isa = PBXBuildFile; fileRef = CA7E9DFF2B585DD1008EC221 /* PromoBanerCellModel.swift */; };
		CA7E9E022B585DDE008EC221 /* PromoBanerCell.swift in Sources */ = {isa = PBXBuildFile; fileRef = CA7E9E012B585DDE008EC221 /* PromoBanerCell.swift */; };
		CA7E9E042B585DF5008EC221 /* PromoBanerCollectionCellModel.swift in Sources */ = {isa = PBXBuildFile; fileRef = CA7E9E032B585DF5008EC221 /* PromoBanerCollectionCellModel.swift */; };
		CA7E9E062B585E11008EC221 /* PromoBanerCollectionCell.swift in Sources */ = {isa = PBXBuildFile; fileRef = CA7E9E052B585E11008EC221 /* PromoBanerCollectionCell.swift */; };
		CA81CA682AE54E9E00F4B4D9 /* ExtensionViewController.swift in Sources */ = {isa = PBXBuildFile; fileRef = CA81CA672AE54E9E00F4B4D9 /* ExtensionViewController.swift */; };
		CA86CFC72AFCE6B400149053 /* RegistrationViewModel.swift in Sources */ = {isa = PBXBuildFile; fileRef = CA86CFC62AFCE6B400149053 /* RegistrationViewModel.swift */; };
		CA86CFCA2AFD06AB00149053 /* RegistrationModel.swift in Sources */ = {isa = PBXBuildFile; fileRef = CA86CFC92AFD06AB00149053 /* RegistrationModel.swift */; };
		CA8F908C2B711D7400757605 /* OrderTableCell.swift in Sources */ = {isa = PBXBuildFile; fileRef = CA8F908B2B711D7400757605 /* OrderTableCell.swift */; };
		CA8F908E2B711D9200757605 /* OrderTableCellModel.swift in Sources */ = {isa = PBXBuildFile; fileRef = CA8F908D2B711D9200757605 /* OrderTableCellModel.swift */; };
		CA9146752AEAD356008429F6 /* UITextFieldExt.swift in Sources */ = {isa = PBXBuildFile; fileRef = CA9146742AEAD356008429F6 /* UITextFieldExt.swift */; };
		CA9146772AEAE2F8008429F6 /* EntranceUserViewController.swift in Sources */ = {isa = PBXBuildFile; fileRef = CA9146762AEAE2F8008429F6 /* EntranceUserViewController.swift */; };
		CA9DCEBD2B03572B00A2253C /* EntranceViewModel.swift in Sources */ = {isa = PBXBuildFile; fileRef = CA9DCEBC2B03572B00A2253C /* EntranceViewModel.swift */; };
		CA9DCEBF2B0358EF00A2253C /* EntranceModel.swift in Sources */ = {isa = PBXBuildFile; fileRef = CA9DCEBE2B0358EF00A2253C /* EntranceModel.swift */; };
		CAA5AE8B2AE06E8C00823018 /* StackExt.swift in Sources */ = {isa = PBXBuildFile; fileRef = CAA5AE8A2AE06E8C00823018 /* StackExt.swift */; };
		CAB255832AE053D1002EA4DB /* AppDelegate.swift in Sources */ = {isa = PBXBuildFile; fileRef = CAB255822AE053D1002EA4DB /* AppDelegate.swift */; };
		CAB255852AE053D1002EA4DB /* SceneDelegate.swift in Sources */ = {isa = PBXBuildFile; fileRef = CAB255842AE053D1002EA4DB /* SceneDelegate.swift */; };
		CAB2558C2AE053D4002EA4DB /* Assets.xcassets in Resources */ = {isa = PBXBuildFile; fileRef = CAB2558B2AE053D4002EA4DB /* Assets.xcassets */; };
		CAB2558F2AE053D4002EA4DB /* LaunchScreen.storyboard in Resources */ = {isa = PBXBuildFile; fileRef = CAB2558D2AE053D4002EA4DB /* LaunchScreen.storyboard */; };
		CAB2559A2AE05CAC002EA4DB /* HomePageViewController.swift in Sources */ = {isa = PBXBuildFile; fileRef = CAB255992AE05CAC002EA4DB /* HomePageViewController.swift */; };
		CAF7328E2B11EAD600820E0D /* AuthViewModel.swift in Sources */ = {isa = PBXBuildFile; fileRef = CAF7328D2B11EAD600820E0D /* AuthViewModel.swift */; };
		CAF732922B12188500820E0D /* CodeValidViewController.swift in Sources */ = {isa = PBXBuildFile; fileRef = CAF732912B12188500820E0D /* CodeValidViewController.swift */; };
		CAF732942B13259D00820E0D /* CodeValidViewModel.swift in Sources */ = {isa = PBXBuildFile; fileRef = CAF732932B13259D00820E0D /* CodeValidViewModel.swift */; };
		DAE8F28221C210AEE3CEFE94 /* Pods_Furshet64.framework in Frameworks */ = {isa = PBXBuildFile; fileRef = 58CED2324DC3327AD24D139A /* Pods_Furshet64.framework */; };
/* End PBXBuildFile section */

/* Begin PBXFileReference section */
		0E628D096B2FAFB2673FBF6E /* Pods-Furshet64.release.xcconfig */ = {isa = PBXFileReference; includeInIndex = 1; lastKnownFileType = text.xcconfig; name = "Pods-Furshet64.release.xcconfig"; path = "Target Support Files/Pods-Furshet64/Pods-Furshet64.release.xcconfig"; sourceTree = "<group>"; };
		58CED2324DC3327AD24D139A /* Pods_Furshet64.framework */ = {isa = PBXFileReference; explicitFileType = wrapper.framework; includeInIndex = 0; path = Pods_Furshet64.framework; sourceTree = BUILT_PRODUCTS_DIR; };
		C319B86C0315A29760FE37FF /* Pods-Furshet64.debug.xcconfig */ = {isa = PBXFileReference; includeInIndex = 1; lastKnownFileType = text.xcconfig; name = "Pods-Furshet64.debug.xcconfig"; path = "Target Support Files/Pods-Furshet64/Pods-Furshet64.debug.xcconfig"; sourceTree = "<group>"; };
		CA110FE52AE4FFF400BD4C7C /* SFProDisplay-Bold.ttf */ = {isa = PBXFileReference; lastKnownFileType = file; path = "SFProDisplay-Bold.ttf"; sourceTree = "<group>"; };
		CA110FE72AE4FFFD00BD4C7C /* SF-Pro-Text-Semibold.otf */ = {isa = PBXFileReference; lastKnownFileType = file; path = "SF-Pro-Text-Semibold.otf"; sourceTree = "<group>"; };
		CA110FE92AE5000200BD4C7C /* SF-Pro-Text-Regular.otf */ = {isa = PBXFileReference; lastKnownFileType = file; path = "SF-Pro-Text-Regular.otf"; sourceTree = "<group>"; };
		CA110FEB2AE5000700BD4C7C /* RFontStyle.swift */ = {isa = PBXFileReference; fileEncoding = 4; lastKnownFileType = sourcecode.swift; path = RFontStyle.swift; sourceTree = "<group>"; };
		CA110FED2AE5000D00BD4C7C /* MyriadPro-SemiExtIt.ttf */ = {isa = PBXFileReference; lastKnownFileType = file; path = "MyriadPro-SemiExtIt.ttf"; sourceTree = "<group>"; };
		CA110FEF2AE5001400BD4C7C /* MyriadPro-SemiExt.ttf */ = {isa = PBXFileReference; lastKnownFileType = file; path = "MyriadPro-SemiExt.ttf"; sourceTree = "<group>"; };
		CA110FF12AE5003C00BD4C7C /* MyriadPro-SemiCnIt.ttf */ = {isa = PBXFileReference; lastKnownFileType = file; path = "MyriadPro-SemiCnIt.ttf"; sourceTree = "<group>"; };
		CA110FF32AE5004100BD4C7C /* MyriadPro-SemiCn.ttf */ = {isa = PBXFileReference; lastKnownFileType = file; path = "MyriadPro-SemiCn.ttf"; sourceTree = "<group>"; };
		CA110FF52AE5004500BD4C7C /* MyriadPro-SemiboldSemiExtIt.ttf */ = {isa = PBXFileReference; lastKnownFileType = file; path = "MyriadPro-SemiboldSemiExtIt.ttf"; sourceTree = "<group>"; };
		CA110FF72AE5008C00BD4C7C /* MyriadPro-LightIt.ttf */ = {isa = PBXFileReference; lastKnownFileType = file; path = "MyriadPro-LightIt.ttf"; sourceTree = "<group>"; };
		CA110FF82AE5008C00BD4C7C /* MyriadPro-BoldSemiCn.ttf */ = {isa = PBXFileReference; lastKnownFileType = file; path = "MyriadPro-BoldSemiCn.ttf"; sourceTree = "<group>"; };
		CA110FF92AE5008C00BD4C7C /* MyriadPro-BoldCond.ttf */ = {isa = PBXFileReference; lastKnownFileType = file; path = "MyriadPro-BoldCond.ttf"; sourceTree = "<group>"; };
		CA110FFA2AE5008C00BD4C7C /* MyriadPro-SemiboldCond.ttf */ = {isa = PBXFileReference; lastKnownFileType = file; path = "MyriadPro-SemiboldCond.ttf"; sourceTree = "<group>"; };
		CA110FFB2AE5008C00BD4C7C /* MyriadPro-BoldSemiCnIt.ttf */ = {isa = PBXFileReference; lastKnownFileType = file; path = "MyriadPro-BoldSemiCnIt.ttf"; sourceTree = "<group>"; };
		CA110FFC2AE5008C00BD4C7C /* MyriadPro-Cond.ttf */ = {isa = PBXFileReference; lastKnownFileType = file; path = "MyriadPro-Cond.ttf"; sourceTree = "<group>"; };
		CA110FFD2AE5008C00BD4C7C /* MyriadPro-LightSemiCnIt.ttf */ = {isa = PBXFileReference; lastKnownFileType = file; path = "MyriadPro-LightSemiCnIt.ttf"; sourceTree = "<group>"; };
		CA110FFE2AE5008D00BD4C7C /* MyriadPro-SemiboldCondIt.ttf */ = {isa = PBXFileReference; lastKnownFileType = file; path = "MyriadPro-SemiboldCondIt.ttf"; sourceTree = "<group>"; };
		CA110FFF2AE5008D00BD4C7C /* MyriadPro-LightSemiExtIt.ttf */ = {isa = PBXFileReference; lastKnownFileType = file; path = "MyriadPro-LightSemiExtIt.ttf"; sourceTree = "<group>"; };
		CA1110002AE5008D00BD4C7C /* MyriadPro-LightSemiExt.ttf */ = {isa = PBXFileReference; lastKnownFileType = file; path = "MyriadPro-LightSemiExt.ttf"; sourceTree = "<group>"; };
		CA1110022AE5008D00BD4C7C /* MyriadPro-LightSemiCn.ttf */ = {isa = PBXFileReference; lastKnownFileType = file; path = "MyriadPro-LightSemiCn.ttf"; sourceTree = "<group>"; };
		CA1110032AE5008D00BD4C7C /* MyriadPro-BoldSemiExtIt.ttf */ = {isa = PBXFileReference; lastKnownFileType = file; path = "MyriadPro-BoldSemiExtIt.ttf"; sourceTree = "<group>"; };
		CA1110042AE5008D00BD4C7C /* MyriadPro-CondIt.ttf */ = {isa = PBXFileReference; lastKnownFileType = file; path = "MyriadPro-CondIt.ttf"; sourceTree = "<group>"; };
		CA1110052AE5008D00BD4C7C /* MyriadPro-BoldIt.ttf */ = {isa = PBXFileReference; lastKnownFileType = file; path = "MyriadPro-BoldIt.ttf"; sourceTree = "<group>"; };
		CA1110062AE5008D00BD4C7C /* MyriadPro-BoldSemiExt.ttf */ = {isa = PBXFileReference; lastKnownFileType = file; path = "MyriadPro-BoldSemiExt.ttf"; sourceTree = "<group>"; };
		CA1110072AE5008E00BD4C7C /* MyriadPro-Regular.ttf */ = {isa = PBXFileReference; lastKnownFileType = file; path = "MyriadPro-Regular.ttf"; sourceTree = "<group>"; };
		CA1110082AE5008E00BD4C7C /* MyriadPro-SemiboldSemiCn.ttf */ = {isa = PBXFileReference; lastKnownFileType = file; path = "MyriadPro-SemiboldSemiCn.ttf"; sourceTree = "<group>"; };
		CA1110092AE5008E00BD4C7C /* MyriadPro-LightCondIt.ttf */ = {isa = PBXFileReference; lastKnownFileType = file; path = "MyriadPro-LightCondIt.ttf"; sourceTree = "<group>"; };
		CA11100A2AE5008E00BD4C7C /* MyriadPro-LightCond.ttf */ = {isa = PBXFileReference; lastKnownFileType = file; path = "MyriadPro-LightCond.ttf"; sourceTree = "<group>"; };
		CA11100B2AE5008E00BD4C7C /* MyriadPro-BoldCondIt.ttf */ = {isa = PBXFileReference; lastKnownFileType = file; path = "MyriadPro-BoldCondIt.ttf"; sourceTree = "<group>"; };
		CA11100C2AE5008E00BD4C7C /* MyriadPro-SemiboldSemiExt.ttf */ = {isa = PBXFileReference; lastKnownFileType = file; path = "MyriadPro-SemiboldSemiExt.ttf"; sourceTree = "<group>"; };
		CA11100D2AE5008E00BD4C7C /* MyriadPro-SemiboldSemiCnIt.ttf */ = {isa = PBXFileReference; lastKnownFileType = file; path = "MyriadPro-SemiboldSemiCnIt.ttf"; sourceTree = "<group>"; };
		CA11100E2AE5008E00BD4C7C /* MyriadPro-SemiboldIt.ttf */ = {isa = PBXFileReference; lastKnownFileType = file; path = "MyriadPro-SemiboldIt.ttf"; sourceTree = "<group>"; };
		CA11100F2AE5008F00BD4C7C /* MyriadPro-It.ttf */ = {isa = PBXFileReference; lastKnownFileType = file; path = "MyriadPro-It.ttf"; sourceTree = "<group>"; };
		CA1110102AE5008F00BD4C7C /* MyriadPro-Light.ttf */ = {isa = PBXFileReference; lastKnownFileType = file; path = "MyriadPro-Light.ttf"; sourceTree = "<group>"; };
		CA11102C2AE5089D00BD4C7C /* RCorol.swift */ = {isa = PBXFileReference; lastKnownFileType = sourcecode.swift; path = RCorol.swift; sourceTree = "<group>"; };
		CA12F7B52B0D17E300394CF5 /* HomePageViewModel.swift */ = {isa = PBXFileReference; lastKnownFileType = sourcecode.swift; path = HomePageViewModel.swift; sourceTree = "<group>"; };
		CA12F7BA2B0D1D2B00394CF5 /* FurshetInfoViewCell.swift */ = {isa = PBXFileReference; lastKnownFileType = sourcecode.swift; path = FurshetInfoViewCell.swift; sourceTree = "<group>"; };
		CA23F7032B3F3815004AAA42 /* PositionModel.swift */ = {isa = PBXFileReference; lastKnownFileType = sourcecode.swift; path = PositionModel.swift; sourceTree = "<group>"; };
		CA34EFFD2B4C3CBF0050E9F6 /* StringExt.swift */ = {isa = PBXFileReference; lastKnownFileType = sourcecode.swift; path = StringExt.swift; sourceTree = "<group>"; };
		CA3D65AA2B7001E4002F124B /* FirebaseAuth.framework */ = {isa = PBXFileReference; explicitFileType = wrapper.framework; path = FirebaseAuth.framework; sourceTree = BUILT_PRODUCTS_DIR; };
		CA3D65AC2B7001EA002F124B /* FirebaseCoreExtension.framework */ = {isa = PBXFileReference; explicitFileType = wrapper.framework; path = FirebaseCoreExtension.framework; sourceTree = BUILT_PRODUCTS_DIR; };
		CA3D65AE2B7001F6002F124B /* FlagPhoneNumber.framework */ = {isa = PBXFileReference; explicitFileType = wrapper.framework; path = FlagPhoneNumber.framework; sourceTree = BUILT_PRODUCTS_DIR; };
		CA3D65B22B700203002F124B /* FirebaseFirestore.framework */ = {isa = PBXFileReference; explicitFileType = wrapper.framework; path = FirebaseFirestore.framework; sourceTree = BUILT_PRODUCTS_DIR; };
		CA3D65B42B700209002F124B /* FirebaseDatabase.framework */ = {isa = PBXFileReference; explicitFileType = wrapper.framework; path = FirebaseDatabase.framework; sourceTree = BUILT_PRODUCTS_DIR; };
		CA3D65B62B700215002F124B /* FirebaseStorage.framework */ = {isa = PBXFileReference; explicitFileType = wrapper.framework; path = FirebaseStorage.framework; sourceTree = BUILT_PRODUCTS_DIR; };
		CA4E8C9A2AE98F0500CE8D16 /* ProfileUserModel.swift */ = {isa = PBXFileReference; lastKnownFileType = sourcecode.swift; path = ProfileUserModel.swift; sourceTree = "<group>"; };
		CA4E8C9C2AE99B7A00CE8D16 /* FurshetInfoModel.swift */ = {isa = PBXFileReference; lastKnownFileType = sourcecode.swift; path = FurshetInfoModel.swift; sourceTree = "<group>"; };
		CA50356A2B41A3CB00571266 /* HistoryOrdersViewModel.swift */ = {isa = PBXFileReference; lastKnownFileType = sourcecode.swift; path = HistoryOrdersViewModel.swift; sourceTree = "<group>"; };
		CA50356C2B41A41500571266 /* HistoryOrdersViewController.swift */ = {isa = PBXFileReference; lastKnownFileType = sourcecode.swift; path = HistoryOrdersViewController.swift; sourceTree = "<group>"; };
		CA5491842AF8125F000737B4 /* AuthService.swift */ = {isa = PBXFileReference; lastKnownFileType = sourcecode.swift; path = AuthService.swift; sourceTree = "<group>"; };
		CA5491862AF81BC8000737B4 /* DatabaseService.swift */ = {isa = PBXFileReference; lastKnownFileType = sourcecode.swift; path = DatabaseService.swift; sourceTree = "<group>"; };
		CA598CD12B0FAD430024B9CE /* AuthViewController.swift */ = {isa = PBXFileReference; lastKnownFileType = sourcecode.swift; path = AuthViewController.swift; sourceTree = "<group>"; };
		CA5C134F2B722134009F72D4 /* HistoryOrdersCell.swift */ = {isa = PBXFileReference; lastKnownFileType = sourcecode.swift; path = HistoryOrdersCell.swift; sourceTree = "<group>"; };
		CA6442872B8BAC39008F4D11 /* BasketProductViewModel.swift */ = {isa = PBXFileReference; lastKnownFileType = sourcecode.swift; path = BasketProductViewModel.swift; sourceTree = "<group>"; };
		CA655EDF2B1F8B59000FBD2C /* StorageService.swift */ = {isa = PBXFileReference; lastKnownFileType = sourcecode.swift; path = StorageService.swift; sourceTree = "<group>"; };
		CA6881B72B03B2EB005EB250 /* ProfileUserViewModel.swift */ = {isa = PBXFileReference; lastKnownFileType = sourcecode.swift; path = ProfileUserViewModel.swift; sourceTree = "<group>"; };
		CA6B20C12B3AE74200D09572 /* OrderModel.swift */ = {isa = PBXFileReference; lastKnownFileType = sourcecode.swift; path = OrderModel.swift; sourceTree = "<group>"; };
		CA6B20C32B3AE79700D09572 /* BasketProductManager.swift */ = {isa = PBXFileReference; lastKnownFileType = sourcecode.swift; path = BasketProductManager.swift; sourceTree = "<group>"; };
		CA6B20C52B3AE7C300D09572 /* BasketProductViewController.swift */ = {isa = PBXFileReference; lastKnownFileType = sourcecode.swift; path = BasketProductViewController.swift; sourceTree = "<group>"; };
		CA6B20CB2B3AF2F600D09572 /* GoogleService-Info.plist */ = {isa = PBXFileReference; fileEncoding = 4; lastKnownFileType = text.plist.xml; name = "GoogleService-Info.plist"; path = "../../Downloads/Furshet64-main-3/Furshet64/GoogleService-Info.plist"; sourceTree = "<group>"; };
		CA6DF6E62AEA9F8800AC6F22 /* ProfileUserViewController.swift */ = {isa = PBXFileReference; lastKnownFileType = sourcecode.swift; path = ProfileUserViewController.swift; sourceTree = "<group>"; };
		CA6DF6E82AEAAE6500AC6F22 /* RegistrationUserViewController.swift */ = {isa = PBXFileReference; lastKnownFileType = sourcecode.swift; path = RegistrationUserViewController.swift; sourceTree = "<group>"; };
		CA795C762B5FACE8003DA7E2 /* CountProductView.swift */ = {isa = PBXFileReference; lastKnownFileType = sourcecode.swift; path = CountProductView.swift; sourceTree = "<group>"; };
		CA7E9DD02B583D14008EC221 /* MenuModel.swift */ = {isa = PBXFileReference; lastKnownFileType = sourcecode.swift; path = MenuModel.swift; sourceTree = "<group>"; };
		CA7E9DD22B583D45008EC221 /* ProductModel.swift */ = {isa = PBXFileReference; lastKnownFileType = sourcecode.swift; path = ProductModel.swift; sourceTree = "<group>"; };
		CA7E9DD42B583D60008EC221 /* MainTableBaRController.swift */ = {isa = PBXFileReference; lastKnownFileType = sourcecode.swift; path = MainTableBaRController.swift; sourceTree = "<group>"; };
		CA7E9DD62B583D68008EC221 /* BaseViewController.swift */ = {isa = PBXFileReference; lastKnownFileType = sourcecode.swift; path = BaseViewController.swift; sourceTree = "<group>"; };
		CA7E9DD82B583F56008EC221 /* MenuViewModel.swift */ = {isa = PBXFileReference; lastKnownFileType = sourcecode.swift; path = MenuViewModel.swift; sourceTree = "<group>"; };
		CA7E9DDA2B583F8D008EC221 /* MenuViewController.swift */ = {isa = PBXFileReference; lastKnownFileType = sourcecode.swift; path = MenuViewController.swift; sourceTree = "<group>"; };
		CA7E9DE02B585877008EC221 /* MenuTypeView.swift */ = {isa = PBXFileReference; lastKnownFileType = sourcecode.swift; path = MenuTypeView.swift; sourceTree = "<group>"; };
		CA7E9DE22B5859AC008EC221 /* FCellViewModel.swift */ = {isa = PBXFileReference; lastKnownFileType = sourcecode.swift; path = FCellViewModel.swift; sourceTree = "<group>"; };
		CA7E9DE42B585A12008EC221 /* FFilableCell.swift */ = {isa = PBXFileReference; lastKnownFileType = sourcecode.swift; path = FFilableCell.swift; sourceTree = "<group>"; };
		CA7E9DE62B585A42008EC221 /* FTableViewCell.swift */ = {isa = PBXFileReference; lastKnownFileType = sourcecode.swift; path = FTableViewCell.swift; sourceTree = "<group>"; };
		CA7E9DE82B585A8F008EC221 /* FCollectionViewCell.swift */ = {isa = PBXFileReference; lastKnownFileType = sourcecode.swift; path = FCollectionViewCell.swift; sourceTree = "<group>"; };
		CA7E9DED2B585C6A008EC221 /* AddProductView.swift */ = {isa = PBXFileReference; lastKnownFileType = sourcecode.swift; path = AddProductView.swift; sourceTree = "<group>"; };
		CA7E9DF52B585D37008EC221 /* MenuTypeCollectionCell.swift */ = {isa = PBXFileReference; lastKnownFileType = sourcecode.swift; path = MenuTypeCollectionCell.swift; sourceTree = "<group>"; };
		CA7E9DF92B585D94008EC221 /* MenuTypeCollectionCellModel.swift */ = {isa = PBXFileReference; lastKnownFileType = sourcecode.swift; path = MenuTypeCollectionCellModel.swift; sourceTree = "<group>"; };
		CA7E9DFB2B585DAE008EC221 /* ProductCell.swift */ = {isa = PBXFileReference; lastKnownFileType = sourcecode.swift; path = ProductCell.swift; sourceTree = "<group>"; };
		CA7E9DFD2B585DBA008EC221 /* ProductCellModel.swift */ = {isa = PBXFileReference; lastKnownFileType = sourcecode.swift; path = ProductCellModel.swift; sourceTree = "<group>"; };
		CA7E9DFF2B585DD1008EC221 /* PromoBanerCellModel.swift */ = {isa = PBXFileReference; lastKnownFileType = sourcecode.swift; path = PromoBanerCellModel.swift; sourceTree = "<group>"; };
		CA7E9E012B585DDE008EC221 /* PromoBanerCell.swift */ = {isa = PBXFileReference; lastKnownFileType = sourcecode.swift; path = PromoBanerCell.swift; sourceTree = "<group>"; };
		CA7E9E032B585DF5008EC221 /* PromoBanerCollectionCellModel.swift */ = {isa = PBXFileReference; lastKnownFileType = sourcecode.swift; path = PromoBanerCollectionCellModel.swift; sourceTree = "<group>"; };
		CA7E9E052B585E11008EC221 /* PromoBanerCollectionCell.swift */ = {isa = PBXFileReference; lastKnownFileType = sourcecode.swift; path = PromoBanerCollectionCell.swift; sourceTree = "<group>"; };
		CA81CA672AE54E9E00F4B4D9 /* ExtensionViewController.swift */ = {isa = PBXFileReference; lastKnownFileType = sourcecode.swift; path = ExtensionViewController.swift; sourceTree = "<group>"; };
		CA86CFC62AFCE6B400149053 /* RegistrationViewModel.swift */ = {isa = PBXFileReference; lastKnownFileType = sourcecode.swift; path = RegistrationViewModel.swift; sourceTree = "<group>"; };
		CA86CFC92AFD06AB00149053 /* RegistrationModel.swift */ = {isa = PBXFileReference; lastKnownFileType = sourcecode.swift; path = RegistrationModel.swift; sourceTree = "<group>"; };
		CA8F908B2B711D7400757605 /* OrderTableCell.swift */ = {isa = PBXFileReference; lastKnownFileType = sourcecode.swift; path = OrderTableCell.swift; sourceTree = "<group>"; };
		CA8F908D2B711D9200757605 /* OrderTableCellModel.swift */ = {isa = PBXFileReference; lastKnownFileType = sourcecode.swift; path = OrderTableCellModel.swift; sourceTree = "<group>"; };
		CA9146742AEAD356008429F6 /* UITextFieldExt.swift */ = {isa = PBXFileReference; lastKnownFileType = sourcecode.swift; path = UITextFieldExt.swift; sourceTree = "<group>"; };
		CA9146762AEAE2F8008429F6 /* EntranceUserViewController.swift */ = {isa = PBXFileReference; lastKnownFileType = sourcecode.swift; path = EntranceUserViewController.swift; sourceTree = "<group>"; };
		CA9DCEBC2B03572B00A2253C /* EntranceViewModel.swift */ = {isa = PBXFileReference; lastKnownFileType = sourcecode.swift; path = EntranceViewModel.swift; sourceTree = "<group>"; };
		CA9DCEBE2B0358EF00A2253C /* EntranceModel.swift */ = {isa = PBXFileReference; lastKnownFileType = sourcecode.swift; path = EntranceModel.swift; sourceTree = "<group>"; };
		CAA5AE8A2AE06E8C00823018 /* StackExt.swift */ = {isa = PBXFileReference; lastKnownFileType = sourcecode.swift; path = StackExt.swift; sourceTree = "<group>"; };
		CAB2557F2AE053D1002EA4DB /* Furshet64.app */ = {isa = PBXFileReference; explicitFileType = wrapper.application; includeInIndex = 0; path = Furshet64.app; sourceTree = BUILT_PRODUCTS_DIR; };
		CAB255822AE053D1002EA4DB /* AppDelegate.swift */ = {isa = PBXFileReference; lastKnownFileType = sourcecode.swift; path = AppDelegate.swift; sourceTree = "<group>"; };
		CAB255842AE053D1002EA4DB /* SceneDelegate.swift */ = {isa = PBXFileReference; lastKnownFileType = sourcecode.swift; name = SceneDelegate.swift; path = "../New Group/SceneDelegate.swift"; sourceTree = "<group>"; };
		CAB2558B2AE053D4002EA4DB /* Assets.xcassets */ = {isa = PBXFileReference; lastKnownFileType = folder.assetcatalog; path = Assets.xcassets; sourceTree = "<group>"; };
		CAB2558E2AE053D4002EA4DB /* Base */ = {isa = PBXFileReference; lastKnownFileType = file.storyboard; name = Base; path = Base.lproj/LaunchScreen.storyboard; sourceTree = "<group>"; };
		CAB255992AE05CAC002EA4DB /* HomePageViewController.swift */ = {isa = PBXFileReference; lastKnownFileType = sourcecode.swift; path = HomePageViewController.swift; sourceTree = "<group>"; };
		CAF7328D2B11EAD600820E0D /* AuthViewModel.swift */ = {isa = PBXFileReference; lastKnownFileType = sourcecode.swift; path = AuthViewModel.swift; sourceTree = "<group>"; };
		CAF732912B12188500820E0D /* CodeValidViewController.swift */ = {isa = PBXFileReference; lastKnownFileType = sourcecode.swift; path = CodeValidViewController.swift; sourceTree = "<group>"; };
		CAF732932B13259D00820E0D /* CodeValidViewModel.swift */ = {isa = PBXFileReference; lastKnownFileType = sourcecode.swift; path = CodeValidViewModel.swift; sourceTree = "<group>"; };
/* End PBXFileReference section */

/* Begin PBXFrameworksBuildPhase section */
		CAB2557C2AE053D1002EA4DB /* Frameworks */ = {
			isa = PBXFrameworksBuildPhase;
			buildActionMask = 2147483647;
			files = (
				CA3D65B72B700215002F124B /* FirebaseStorage.framework in Frameworks */,
				CA3D65B52B700209002F124B /* FirebaseDatabase.framework in Frameworks */,
				CA3D65B32B700203002F124B /* FirebaseFirestore.framework in Frameworks */,
				CA3D65AF2B7001F6002F124B /* FlagPhoneNumber.framework in Frameworks */,
				CA3D65AD2B7001EA002F124B /* FirebaseCoreExtension.framework in Frameworks */,
				CA3D65AB2B7001E4002F124B /* FirebaseAuth.framework in Frameworks */,
				DAE8F28221C210AEE3CEFE94 /* Pods_Furshet64.framework in Frameworks */,
			);
			runOnlyForDeploymentPostprocessing = 0;
		};
/* End PBXFrameworksBuildPhase section */

/* Begin PBXGroup section */
		315A19368A88C3F954D6E4F8 /* Pods */ = {
			isa = PBXGroup;
			children = (
				C319B86C0315A29760FE37FF /* Pods-Furshet64.debug.xcconfig */,
				0E628D096B2FAFB2673FBF6E /* Pods-Furshet64.release.xcconfig */,
			);
			path = Pods;
			sourceTree = "<group>";
		};
		CA110FE42AE4FFD500BD4C7C /* Fonts */ = {
			isa = PBXGroup;
			children = (
				CA11100E2AE5008E00BD4C7C /* MyriadPro-SemiboldIt.ttf */,
				CA1110082AE5008E00BD4C7C /* MyriadPro-SemiboldSemiCn.ttf */,
				CA11100D2AE5008E00BD4C7C /* MyriadPro-SemiboldSemiCnIt.ttf */,
				CA11100C2AE5008E00BD4C7C /* MyriadPro-SemiboldSemiExt.ttf */,
				CA110FF52AE5004500BD4C7C /* MyriadPro-SemiboldSemiExtIt.ttf */,
				CA110FF92AE5008C00BD4C7C /* MyriadPro-BoldCond.ttf */,
				CA11100B2AE5008E00BD4C7C /* MyriadPro-BoldCondIt.ttf */,
				CA1110052AE5008D00BD4C7C /* MyriadPro-BoldIt.ttf */,
				CA110FF82AE5008C00BD4C7C /* MyriadPro-BoldSemiCn.ttf */,
				CA110FFB2AE5008C00BD4C7C /* MyriadPro-BoldSemiCnIt.ttf */,
				CA1110062AE5008D00BD4C7C /* MyriadPro-BoldSemiExt.ttf */,
				CA1110032AE5008D00BD4C7C /* MyriadPro-BoldSemiExtIt.ttf */,
				CA110FFC2AE5008C00BD4C7C /* MyriadPro-Cond.ttf */,
				CA1110042AE5008D00BD4C7C /* MyriadPro-CondIt.ttf */,
				CA11100F2AE5008F00BD4C7C /* MyriadPro-It.ttf */,
				CA1110102AE5008F00BD4C7C /* MyriadPro-Light.ttf */,
				CA11100A2AE5008E00BD4C7C /* MyriadPro-LightCond.ttf */,
				CA1110092AE5008E00BD4C7C /* MyriadPro-LightCondIt.ttf */,
				CA110FF72AE5008C00BD4C7C /* MyriadPro-LightIt.ttf */,
				CA1110022AE5008D00BD4C7C /* MyriadPro-LightSemiCn.ttf */,
				CA110FFD2AE5008C00BD4C7C /* MyriadPro-LightSemiCnIt.ttf */,
				CA1110002AE5008D00BD4C7C /* MyriadPro-LightSemiExt.ttf */,
				CA110FFF2AE5008D00BD4C7C /* MyriadPro-LightSemiExtIt.ttf */,
				CA1110072AE5008E00BD4C7C /* MyriadPro-Regular.ttf */,
				CA110FFA2AE5008C00BD4C7C /* MyriadPro-SemiboldCond.ttf */,
				CA110FFE2AE5008D00BD4C7C /* MyriadPro-SemiboldCondIt.ttf */,
				CA110FF32AE5004100BD4C7C /* MyriadPro-SemiCn.ttf */,
				CA110FF12AE5003C00BD4C7C /* MyriadPro-SemiCnIt.ttf */,
				CA110FEF2AE5001400BD4C7C /* MyriadPro-SemiExt.ttf */,
				CA110FED2AE5000D00BD4C7C /* MyriadPro-SemiExtIt.ttf */,
				CA110FEB2AE5000700BD4C7C /* RFontStyle.swift */,
				CA110FE92AE5000200BD4C7C /* SF-Pro-Text-Regular.otf */,
				CA110FE72AE4FFFD00BD4C7C /* SF-Pro-Text-Semibold.otf */,
				CA110FE52AE4FFF400BD4C7C /* SFProDisplay-Bold.ttf */,
			);
			path = Fonts;
			sourceTree = "<group>";
		};
		CA11102B2AE5083900BD4C7C /* RColor */ = {
			isa = PBXGroup;
			children = (
				CA11102C2AE5089D00BD4C7C /* RCorol.swift */,
			);
			path = RColor;
			sourceTree = "<group>";
		};
		CA12F7B92B0D1CFA00394CF5 /* Components */ = {
			isa = PBXGroup;
			children = (
				CA12F7BA2B0D1D2B00394CF5 /* FurshetInfoViewCell.swift */,
			);
			path = Components;
			sourceTree = "<group>";
		};
		CA5035692B41A37800571266 /* HistoryOrders */ = {
			isa = PBXGroup;
			children = (
				CA6B20C12B3AE74200D09572 /* OrderModel.swift */,
				CA50356A2B41A3CB00571266 /* HistoryOrdersViewModel.swift */,
				CA50356C2B41A41500571266 /* HistoryOrdersViewController.swift */,
				CA50356E2B41A5FD00571266 /* Components */,
			);
			path = HistoryOrders;
			sourceTree = "<group>";
		};
		CA50356E2B41A5FD00571266 /* Components */ = {
			isa = PBXGroup;
			children = (
				CA5C134F2B722134009F72D4 /* HistoryOrdersCell.swift */,
			);
			path = Components;
			sourceTree = "<group>";
		};
		CA5491832AF81229000737B4 /* Networking */ = {
			isa = PBXGroup;
			children = (
				CA5491842AF8125F000737B4 /* AuthService.swift */,
				CA5491862AF81BC8000737B4 /* DatabaseService.swift */,
				CA655EDF2B1F8B59000FBD2C /* StorageService.swift */,
			);
			path = Networking;
			sourceTree = "<group>";
		};
		CA5CC1B02B3AE14200571DE2 /* UI */ = {
			isa = PBXGroup;
			children = (
				CA7E9DD42B583D60008EC221 /* MainTableBaRController.swift */,
				CA7E9DD62B583D68008EC221 /* BaseViewController.swift */,
				CA7E9E072B597193008EC221 /* Menu */,
				CAF7328C2B11EA0000820E0D /* Auth */,
				CA6881BA2B03B3CE005EB250 /* ProfileUser */,
				CA6881B92B03B346005EB250 /* Home */,
				CA6881BB2B03B451005EB250 /* Registration */,
				CA6881BE2B03B4CE005EB250 /* Entrance */,
				CA5035692B41A37800571266 /* HistoryOrders */,
				CA6B20B82B3AE3A600D09572 /* BasketProduct */,
			);
			path = UI;
			sourceTree = "<group>";
		};
		CA6881B92B03B346005EB250 /* Home */ = {
			isa = PBXGroup;
			children = (
				CA4E8C9C2AE99B7A00CE8D16 /* FurshetInfoModel.swift */,
				CAB255992AE05CAC002EA4DB /* HomePageViewController.swift */,
				CA12F7B52B0D17E300394CF5 /* HomePageViewModel.swift */,
				CA12F7B92B0D1CFA00394CF5 /* Components */,
			);
			path = Home;
			sourceTree = "<group>";
		};
		CA6881BA2B03B3CE005EB250 /* ProfileUser */ = {
			isa = PBXGroup;
			children = (
				CA4E8C9A2AE98F0500CE8D16 /* ProfileUserModel.swift */,
				CA6DF6E62AEA9F8800AC6F22 /* ProfileUserViewController.swift */,
				CA6881B72B03B2EB005EB250 /* ProfileUserViewModel.swift */,
			);
			path = ProfileUser;
			sourceTree = "<group>";
		};
		CA6881BB2B03B451005EB250 /* Registration */ = {
			isa = PBXGroup;
			children = (
				CA86CFC92AFD06AB00149053 /* RegistrationModel.swift */,
				CA86CFC62AFCE6B400149053 /* RegistrationViewModel.swift */,
				CA6DF6E82AEAAE6500AC6F22 /* RegistrationUserViewController.swift */,
			);
			path = Registration;
			sourceTree = "<group>";
		};
		CA6881BE2B03B4CE005EB250 /* Entrance */ = {
			isa = PBXGroup;
			children = (
				CA9DCEBE2B0358EF00A2253C /* EntranceModel.swift */,
				CA9146762AEAE2F8008429F6 /* EntranceUserViewController.swift */,
				CA9DCEBC2B03572B00A2253C /* EntranceViewModel.swift */,
			);
			path = Entrance;
			sourceTree = "<group>";
		};
		CA6B20B82B3AE3A600D09572 /* BasketProduct */ = {
			isa = PBXGroup;
			children = (
				CA23F7032B3F3815004AAA42 /* PositionModel.swift */,
				CA6B20C32B3AE79700D09572 /* BasketProductManager.swift */,
				CA6B20C52B3AE7C300D09572 /* BasketProductViewController.swift */,
				CA6442872B8BAC39008F4D11 /* BasketProductViewModel.swift */,
				CA6B20BB2B3AE3A600D09572 /* Component */,
			);
			path = BasketProduct;
			sourceTree = "<group>";
		};
		CA6B20BB2B3AE3A600D09572 /* Component */ = {
			isa = PBXGroup;
			children = (
				CA8F908B2B711D7400757605 /* OrderTableCell.swift */,
				CA8F908D2B711D9200757605 /* OrderTableCellModel.swift */,
			);
			path = Component;
			sourceTree = "<group>";
		};
		CA6B20BF2B3AE4EC00D09572 /* Resources */ = {
			isa = PBXGroup;
			children = (
				CAB2558D2AE053D4002EA4DB /* LaunchScreen.storyboard */,
				CAB2558B2AE053D4002EA4DB /* Assets.xcassets */,
			);
			path = Resources;
			sourceTree = "<group>";
		};
		CA6B20C02B3AE51600D09572 /* AppDelegate */ = {
			isa = PBXGroup;
			children = (
				CAB255822AE053D1002EA4DB /* AppDelegate.swift */,
				CAB255842AE053D1002EA4DB /* SceneDelegate.swift */,
			);
			path = AppDelegate;
			sourceTree = "<group>";
		};
		CA7E9DDD2B5840BD008EC221 /* Components */ = {
			isa = PBXGroup;
			children = (
				CA7E9DDF2B5840DF008EC221 /* Views */,
				CA7E9DDE2B5840D6008EC221 /* Cells */,
			);
			path = Components;
			sourceTree = "<group>";
		};
		CA7E9DDE2B5840D6008EC221 /* Cells */ = {
			isa = PBXGroup;
			children = (
				CA7E9DF22B585CD9008EC221 /* PromoBanerCollectViewCell */,
				CA7E9DF12B585CC6008EC221 /* PromoBanerCell */,
				CA7E9DF02B585CB3008EC221 /* ProductCell */,
				CA7E9DEF2B585CA0008EC221 /* MenuTypeCollectViewCell */,
			);
			path = Cells;
			sourceTree = "<group>";
		};
		CA7E9DDF2B5840DF008EC221 /* Views */ = {
			isa = PBXGroup;
			children = (
				CA7E9DEC2B585C29008EC221 /* AddProductView */,
				CA7E9DEB2B585C14008EC221 /* MenuTypeView */,
			);
			path = Views;
			sourceTree = "<group>";
		};
		CA7E9DEA2B585AD7008EC221 /* Common */ = {
			isa = PBXGroup;
			children = (
				CA7E9DE22B5859AC008EC221 /* FCellViewModel.swift */,
				CA7E9DE62B585A42008EC221 /* FTableViewCell.swift */,
				CA7E9DE42B585A12008EC221 /* FFilableCell.swift */,
				CA7E9DE82B585A8F008EC221 /* FCollectionViewCell.swift */,
			);
			path = Common;
			sourceTree = "<group>";
		};
		CA7E9DEB2B585C14008EC221 /* MenuTypeView */ = {
			isa = PBXGroup;
			children = (
				CA7E9DE02B585877008EC221 /* MenuTypeView.swift */,
			);
			path = MenuTypeView;
			sourceTree = "<group>";
		};
		CA7E9DEC2B585C29008EC221 /* AddProductView */ = {
			isa = PBXGroup;
			children = (
				CA7E9DED2B585C6A008EC221 /* AddProductView.swift */,
				CA795C762B5FACE8003DA7E2 /* CountProductView.swift */,
			);
			path = AddProductView;
			sourceTree = "<group>";
		};
		CA7E9DEF2B585CA0008EC221 /* MenuTypeCollectViewCell */ = {
			isa = PBXGroup;
			children = (
				CA7E9DF52B585D37008EC221 /* MenuTypeCollectionCell.swift */,
				CA7E9DF92B585D94008EC221 /* MenuTypeCollectionCellModel.swift */,
			);
			path = MenuTypeCollectViewCell;
			sourceTree = "<group>";
		};
		CA7E9DF02B585CB3008EC221 /* ProductCell */ = {
			isa = PBXGroup;
			children = (
				CA7E9DFB2B585DAE008EC221 /* ProductCell.swift */,
				CA7E9DFD2B585DBA008EC221 /* ProductCellModel.swift */,
			);
			path = ProductCell;
			sourceTree = "<group>";
		};
		CA7E9DF12B585CC6008EC221 /* PromoBanerCell */ = {
			isa = PBXGroup;
			children = (
				CA7E9DFF2B585DD1008EC221 /* PromoBanerCellModel.swift */,
				CA7E9E012B585DDE008EC221 /* PromoBanerCell.swift */,
			);
			path = PromoBanerCell;
			sourceTree = "<group>";
		};
		CA7E9DF22B585CD9008EC221 /* PromoBanerCollectViewCell */ = {
			isa = PBXGroup;
			children = (
				CA7E9E032B585DF5008EC221 /* PromoBanerCollectionCellModel.swift */,
				CA7E9E052B585E11008EC221 /* PromoBanerCollectionCell.swift */,
			);
			path = PromoBanerCollectViewCell;
			sourceTree = "<group>";
		};
		CA7E9E072B597193008EC221 /* Menu */ = {
			isa = PBXGroup;
			children = (
				CA7E9DDD2B5840BD008EC221 /* Components */,
				CA7E9DD02B583D14008EC221 /* MenuModel.swift */,
				CA7E9DD22B583D45008EC221 /* ProductModel.swift */,
				CA7E9DD82B583F56008EC221 /* MenuViewModel.swift */,
				CA7E9DDA2B583F8D008EC221 /* MenuViewController.swift */,
			);
			path = Menu;
			sourceTree = "<group>";
		};
		CA81CA662AE54E6E00F4B4D9 /* ViewController */ = {
			isa = PBXGroup;
			children = (
				CA81CA672AE54E9E00F4B4D9 /* ExtensionViewController.swift */,
			);
			path = ViewController;
			sourceTree = "<group>";
		};
		CAA5AE892AE06E5300823018 /* Extension */ = {
			isa = PBXGroup;
			children = (
				CAA5AE8A2AE06E8C00823018 /* StackExt.swift */,
				CA9146742AEAD356008429F6 /* UITextFieldExt.swift */,
				CA34EFFD2B4C3CBF0050E9F6 /* StringExt.swift */,
				CA81CA662AE54E6E00F4B4D9 /* ViewController */,
				CA11102B2AE5083900BD4C7C /* RColor */,
				CA110FE42AE4FFD500BD4C7C /* Fonts */,
			);
			path = Extension;
			sourceTree = "<group>";
		};
		CAB255762AE053D1002EA4DB = {
			isa = PBXGroup;
			children = (
				CAB255812AE053D1002EA4DB /* Furshet64 */,
				CA6B20CB2B3AF2F600D09572 /* GoogleService-Info.plist */,
				CAB255802AE053D1002EA4DB /* Products */,
				315A19368A88C3F954D6E4F8 /* Pods */,
				F21472BD44395836A3DAFA9D /* Frameworks */,
			);
			sourceTree = "<group>";
		};
		CAB255802AE053D1002EA4DB /* Products */ = {
			isa = PBXGroup;
			children = (
				CAB2557F2AE053D1002EA4DB /* Furshet64.app */,
			);
			name = Products;
			sourceTree = "<group>";
		};
		CAB255812AE053D1002EA4DB /* Furshet64 */ = {
			isa = PBXGroup;
			children = (
				CA6B20C02B3AE51600D09572 /* AppDelegate */,
				CA5CC1B02B3AE14200571DE2 /* UI */,
				CA5491832AF81229000737B4 /* Networking */,
				CA7E9DEA2B585AD7008EC221 /* Common */,
				CAA5AE892AE06E5300823018 /* Extension */,
				CA6B20BF2B3AE4EC00D09572 /* Resources */,
			);
			path = Furshet64;
			sourceTree = "<group>";
		};
		CAF7328C2B11EA0000820E0D /* Auth */ = {
			isa = PBXGroup;
			children = (
				CA598CD12B0FAD430024B9CE /* AuthViewController.swift */,
				CAF7328D2B11EAD600820E0D /* AuthViewModel.swift */,
				CAF732912B12188500820E0D /* CodeValidViewController.swift */,
				CAF732932B13259D00820E0D /* CodeValidViewModel.swift */,
			);
			path = Auth;
			sourceTree = "<group>";
		};
		F21472BD44395836A3DAFA9D /* Frameworks */ = {
			isa = PBXGroup;
			children = (
				CA3D65B62B700215002F124B /* FirebaseStorage.framework */,
				CA3D65B42B700209002F124B /* FirebaseDatabase.framework */,
				CA3D65B22B700203002F124B /* FirebaseFirestore.framework */,
				CA3D65AE2B7001F6002F124B /* FlagPhoneNumber.framework */,
				CA3D65AC2B7001EA002F124B /* FirebaseCoreExtension.framework */,
				CA3D65AA2B7001E4002F124B /* FirebaseAuth.framework */,
				58CED2324DC3327AD24D139A /* Pods_Furshet64.framework */,
			);
			name = Frameworks;
			sourceTree = "<group>";
		};
/* End PBXGroup section */

/* Begin PBXNativeTarget section */
		CAB2557E2AE053D1002EA4DB /* Furshet64 */ = {
			isa = PBXNativeTarget;
			buildConfigurationList = CAB255932AE053D5002EA4DB /* Build configuration list for PBXNativeTarget "Furshet64" */;
			buildPhases = (
				81881420C2FF04582AB332D7 /* [CP] Check Pods Manifest.lock */,
				CAB2557B2AE053D1002EA4DB /* Sources */,
				CAB2557C2AE053D1002EA4DB /* Frameworks */,
				CAB2557D2AE053D1002EA4DB /* Resources */,
				D4CA1AF957316C614692B2E6 /* [CP] Embed Pods Frameworks */,
			);
			buildRules = (
			);
			dependencies = (
			);
			name = Furshet64;
			productName = Furshet64;
			productReference = CAB2557F2AE053D1002EA4DB /* Furshet64.app */;
			productType = "com.apple.product-type.application";
		};
/* End PBXNativeTarget section */

/* Begin PBXProject section */
		CAB255772AE053D1002EA4DB /* Project object */ = {
			isa = PBXProject;
			attributes = {
				BuildIndependentTargetsInParallel = 1;
				LastSwiftUpdateCheck = 1420;
				LastUpgradeCheck = 1420;
				TargetAttributes = {
					CAB2557E2AE053D1002EA4DB = {
						CreatedOnToolsVersion = 14.2;
						LastSwiftMigration = 1420;
					};
				};
			};
			buildConfigurationList = CAB2557A2AE053D1002EA4DB /* Build configuration list for PBXProject "Furshet64" */;
			compatibilityVersion = "Xcode 14.0";
			developmentRegion = en;
			hasScannedForEncodings = 0;
			knownRegions = (
				en,
				Base,
			);
			mainGroup = CAB255762AE053D1002EA4DB;
			productRefGroup = CAB255802AE053D1002EA4DB /* Products */;
			projectDirPath = "";
			projectRoot = "";
			targets = (
				CAB2557E2AE053D1002EA4DB /* Furshet64 */,
			);
		};
/* End PBXProject section */

/* Begin PBXResourcesBuildPhase section */
		CAB2557D2AE053D1002EA4DB /* Resources */ = {
			isa = PBXResourcesBuildPhase;
			buildActionMask = 2147483647;
			files = (
				CA110FEA2AE5000200BD4C7C /* SF-Pro-Text-Regular.otf in Resources */,
				CA1110282AE5008F00BD4C7C /* MyriadPro-SemiboldIt.ttf in Resources */,
				CA1110162AE5008F00BD4C7C /* MyriadPro-Cond.ttf in Resources */,
				CA110FF62AE5004500BD4C7C /* MyriadPro-SemiboldSemiExtIt.ttf in Resources */,
				CA1110192AE5008F00BD4C7C /* MyriadPro-LightSemiExtIt.ttf in Resources */,
				CAB2558F2AE053D4002EA4DB /* LaunchScreen.storyboard in Resources */,
				CA11101E2AE5008F00BD4C7C /* MyriadPro-CondIt.ttf in Resources */,
				CA1110232AE5008F00BD4C7C /* MyriadPro-LightCondIt.ttf in Resources */,
				CA110FE82AE4FFFD00BD4C7C /* SF-Pro-Text-Semibold.otf in Resources */,
				CA110FF02AE5001400BD4C7C /* MyriadPro-SemiExt.ttf in Resources */,
				CAB2558C2AE053D4002EA4DB /* Assets.xcassets in Resources */,
				CA6B20CC2B3AF2F600D09572 /* GoogleService-Info.plist in Resources */,
				CA1110292AE5008F00BD4C7C /* MyriadPro-It.ttf in Resources */,
				CA11102A2AE5008F00BD4C7C /* MyriadPro-Light.ttf in Resources */,
				CA1110202AE5008F00BD4C7C /* MyriadPro-BoldSemiExt.ttf in Resources */,
				CA1110262AE5008F00BD4C7C /* MyriadPro-SemiboldSemiExt.ttf in Resources */,
				CA1110152AE5008F00BD4C7C /* MyriadPro-BoldSemiCnIt.ttf in Resources */,
				CA1110272AE5008F00BD4C7C /* MyriadPro-SemiboldSemiCnIt.ttf in Resources */,
				CA11101F2AE5008F00BD4C7C /* MyriadPro-BoldIt.ttf in Resources */,
				CA1110172AE5008F00BD4C7C /* MyriadPro-LightSemiCnIt.ttf in Resources */,
				CA1110222AE5008F00BD4C7C /* MyriadPro-SemiboldSemiCn.ttf in Resources */,
				CA1110212AE5008F00BD4C7C /* MyriadPro-Regular.ttf in Resources */,
				CA1110132AE5008F00BD4C7C /* MyriadPro-BoldCond.ttf in Resources */,
				CA110FE62AE4FFF500BD4C7C /* SFProDisplay-Bold.ttf in Resources */,
				CA110FF22AE5003C00BD4C7C /* MyriadPro-SemiCnIt.ttf in Resources */,
				CA11101A2AE5008F00BD4C7C /* MyriadPro-LightSemiExt.ttf in Resources */,
				CA11101D2AE5008F00BD4C7C /* MyriadPro-BoldSemiExtIt.ttf in Resources */,
				CA110FEE2AE5000D00BD4C7C /* MyriadPro-SemiExtIt.ttf in Resources */,
				CA11101C2AE5008F00BD4C7C /* MyriadPro-LightSemiCn.ttf in Resources */,
				CA1110122AE5008F00BD4C7C /* MyriadPro-BoldSemiCn.ttf in Resources */,
				CA1110252AE5008F00BD4C7C /* MyriadPro-BoldCondIt.ttf in Resources */,
				CA1110142AE5008F00BD4C7C /* MyriadPro-SemiboldCond.ttf in Resources */,
				CA1110182AE5008F00BD4C7C /* MyriadPro-SemiboldCondIt.ttf in Resources */,
				CA1110112AE5008F00BD4C7C /* MyriadPro-LightIt.ttf in Resources */,
				CA1110242AE5008F00BD4C7C /* MyriadPro-LightCond.ttf in Resources */,
				CA110FF42AE5004100BD4C7C /* MyriadPro-SemiCn.ttf in Resources */,
			);
			runOnlyForDeploymentPostprocessing = 0;
		};
/* End PBXResourcesBuildPhase section */

/* Begin PBXShellScriptBuildPhase section */
		81881420C2FF04582AB332D7 /* [CP] Check Pods Manifest.lock */ = {
			isa = PBXShellScriptBuildPhase;
			buildActionMask = 2147483647;
			files = (
			);
			inputFileListPaths = (
			);
			inputPaths = (
				"${PODS_PODFILE_DIR_PATH}/Podfile.lock",
				"${PODS_ROOT}/Manifest.lock",
			);
			name = "[CP] Check Pods Manifest.lock";
			outputFileListPaths = (
			);
			outputPaths = (
				"$(DERIVED_FILE_DIR)/Pods-Furshet64-checkManifestLockResult.txt",
			);
			runOnlyForDeploymentPostprocessing = 0;
			shellPath = /bin/sh;
			shellScript = "diff \"${PODS_PODFILE_DIR_PATH}/Podfile.lock\" \"${PODS_ROOT}/Manifest.lock\" > /dev/null\nif [ $? != 0 ] ; then\n    # print error to STDERR\n    echo \"error: The sandbox is not in sync with the Podfile.lock. Run 'pod install' or update your CocoaPods installation.\" >&2\n    exit 1\nfi\n# This output is used by Xcode 'outputs' to avoid re-running this script phase.\necho \"SUCCESS\" > \"${SCRIPT_OUTPUT_FILE_0}\"\n";
			showEnvVarsInLog = 0;
		};
		D4CA1AF957316C614692B2E6 /* [CP] Embed Pods Frameworks */ = {
			isa = PBXShellScriptBuildPhase;
			buildActionMask = 2147483647;
			files = (
			);
			inputFileListPaths = (
				"${PODS_ROOT}/Target Support Files/Pods-Furshet64/Pods-Furshet64-frameworks-${CONFIGURATION}-input-files.xcfilelist",
			);
			name = "[CP] Embed Pods Frameworks";
			outputFileListPaths = (
				"${PODS_ROOT}/Target Support Files/Pods-Furshet64/Pods-Furshet64-frameworks-${CONFIGURATION}-output-files.xcfilelist",
			);
			runOnlyForDeploymentPostprocessing = 0;
			shellPath = /bin/sh;
			shellScript = "\"${PODS_ROOT}/Target Support Files/Pods-Furshet64/Pods-Furshet64-frameworks.sh\"\n";
			showEnvVarsInLog = 0;
		};
/* End PBXShellScriptBuildPhase section */

/* Begin PBXSourcesBuildPhase section */
		CAB2557B2AE053D1002EA4DB /* Sources */ = {
			isa = PBXSourcesBuildPhase;
			buildActionMask = 2147483647;
			files = (
				CAF732942B13259D00820E0D /* CodeValidViewModel.swift in Sources */,
				CA7E9DD52B583D60008EC221 /* MainTableBaRController.swift in Sources */,
				CA7E9DD72B583D68008EC221 /* BaseViewController.swift in Sources */,
				CAB2559A2AE05CAC002EA4DB /* HomePageViewController.swift in Sources */,
				CA7E9DFE2B585DBA008EC221 /* ProductCellModel.swift in Sources */,
				CA9146772AEAE2F8008429F6 /* EntranceUserViewController.swift in Sources */,
				CA11102D2AE5089D00BD4C7C /* RCorol.swift in Sources */,
				CA7E9DDB2B583F8D008EC221 /* MenuViewController.swift in Sources */,
				CA7E9DE52B585A12008EC221 /* FFilableCell.swift in Sources */,
				CA9DCEBF2B0358EF00A2253C /* EntranceModel.swift in Sources */,
				CA7E9DD92B583F56008EC221 /* MenuViewModel.swift in Sources */,
				CA655EE02B1F8B59000FBD2C /* StorageService.swift in Sources */,
				CA7E9DD32B583D45008EC221 /* ProductModel.swift in Sources */,
				CA4E8C9B2AE98F0500CE8D16 /* ProfileUserModel.swift in Sources */,
				CA7E9DFA2B585D94008EC221 /* MenuTypeCollectionCellModel.swift in Sources */,
				CA7E9E042B585DF5008EC221 /* PromoBanerCollectionCellModel.swift in Sources */,
				CA7E9DFC2B585DAE008EC221 /* ProductCell.swift in Sources */,
				CA81CA682AE54E9E00F4B4D9 /* ExtensionViewController.swift in Sources */,
				CAF7328E2B11EAD600820E0D /* AuthViewModel.swift in Sources */,
				CA110FEC2AE5000700BD4C7C /* RFontStyle.swift in Sources */,
				CA6442882B8BAC39008F4D11 /* BasketProductViewModel.swift in Sources */,
				CA23F7042B3F3815004AAA42 /* PositionModel.swift in Sources */,
				CA7E9E002B585DD1008EC221 /* PromoBanerCellModel.swift in Sources */,
				CA6B20C42B3AE79700D09572 /* BasketProductManager.swift in Sources */,
				CA7E9DE72B585A42008EC221 /* FTableViewCell.swift in Sources */,
				CA7E9DF62B585D37008EC221 /* MenuTypeCollectionCell.swift in Sources */,
				CA86CFCA2AFD06AB00149053 /* RegistrationModel.swift in Sources */,
				CAA5AE8B2AE06E8C00823018 /* StackExt.swift in Sources */,
				CA12F7B62B0D17E300394CF5 /* HomePageViewModel.swift in Sources */,
				CAF732922B12188500820E0D /* CodeValidViewController.swift in Sources */,
				CA9DCEBD2B03572B00A2253C /* EntranceViewModel.swift in Sources */,
				CA7E9E062B585E11008EC221 /* PromoBanerCollectionCell.swift in Sources */,
				CA6B20C62B3AE7C300D09572 /* BasketProductViewController.swift in Sources */,
				CA86CFC72AFCE6B400149053 /* RegistrationViewModel.swift in Sources */,
				CA6DF6E92AEAAE6600AC6F22 /* RegistrationUserViewController.swift in Sources */,
				CA7E9E022B585DDE008EC221 /* PromoBanerCell.swift in Sources */,
				CA598CD22B0FAD430024B9CE /* AuthViewController.swift in Sources */,
				CA50356B2B41A3CB00571266 /* HistoryOrdersViewModel.swift in Sources */,
				CA6DF6E72AEA9F8800AC6F22 /* ProfileUserViewController.swift in Sources */,
				CA12F7BB2B0D1D2B00394CF5 /* FurshetInfoViewCell.swift in Sources */,
				CA8F908E2B711D9200757605 /* OrderTableCellModel.swift in Sources */,
				CA4E8C9D2AE99B7A00CE8D16 /* FurshetInfoModel.swift in Sources */,
				CA6B20C22B3AE74200D09572 /* OrderModel.swift in Sources */,
				CA9146752AEAD356008429F6 /* UITextFieldExt.swift in Sources */,
				CA7E9DE32B5859AC008EC221 /* FCellViewModel.swift in Sources */,
				CA34EFFE2B4C3CBF0050E9F6 /* StringExt.swift in Sources */,
				CA7E9DE12B585877008EC221 /* MenuTypeView.swift in Sources */,
				CA50356D2B41A41500571266 /* HistoryOrdersViewController.swift in Sources */,
				CA7E9DD12B583D14008EC221 /* MenuModel.swift in Sources */,
				CA8F908C2B711D7400757605 /* OrderTableCell.swift in Sources */,
				CA5C13502B722134009F72D4 /* HistoryOrdersCell.swift in Sources */,
				CA5491852AF8125F000737B4 /* AuthService.swift in Sources */,
				CA5491872AF81BC8000737B4 /* DatabaseService.swift in Sources */,
				CAB255832AE053D1002EA4DB /* AppDelegate.swift in Sources */,
				CA7E9DEE2B585C6A008EC221 /* AddProductView.swift in Sources */,
				CA795C772B5FACE9003DA7E2 /* CountProductView.swift in Sources */,
				CAB255852AE053D1002EA4DB /* SceneDelegate.swift in Sources */,
				CA6881B82B03B2EB005EB250 /* ProfileUserViewModel.swift in Sources */,
				CA7E9DE92B585A8F008EC221 /* FCollectionViewCell.swift in Sources */,
			);
			runOnlyForDeploymentPostprocessing = 0;
		};
/* End PBXSourcesBuildPhase section */

/* Begin PBXVariantGroup section */
		CAB2558D2AE053D4002EA4DB /* LaunchScreen.storyboard */ = {
			isa = PBXVariantGroup;
			children = (
				CAB2558E2AE053D4002EA4DB /* Base */,
			);
			name = LaunchScreen.storyboard;
			sourceTree = "<group>";
		};
/* End PBXVariantGroup section */

/* Begin XCBuildConfiguration section */
		CAB255912AE053D5002EA4DB /* Debug */ = {
			isa = XCBuildConfiguration;
			buildSettings = {
				ALWAYS_SEARCH_USER_PATHS = NO;
				CLANG_ANALYZER_NONNULL = YES;
				CLANG_ANALYZER_NUMBER_OBJECT_CONVERSION = YES_AGGRESSIVE;
				CLANG_CXX_LANGUAGE_STANDARD = "gnu++20";
				CLANG_ENABLE_MODULES = YES;
				CLANG_ENABLE_OBJC_ARC = YES;
				CLANG_ENABLE_OBJC_WEAK = YES;
				CLANG_WARN_BLOCK_CAPTURE_AUTORELEASING = YES;
				CLANG_WARN_BOOL_CONVERSION = YES;
				CLANG_WARN_COMMA = YES;
				CLANG_WARN_CONSTANT_CONVERSION = YES;
				CLANG_WARN_DEPRECATED_OBJC_IMPLEMENTATIONS = YES;
				CLANG_WARN_DIRECT_OBJC_ISA_USAGE = YES_ERROR;
				CLANG_WARN_DOCUMENTATION_COMMENTS = YES;
				CLANG_WARN_EMPTY_BODY = YES;
				CLANG_WARN_ENUM_CONVERSION = YES;
				CLANG_WARN_INFINITE_RECURSION = YES;
				CLANG_WARN_INT_CONVERSION = YES;
				CLANG_WARN_NON_LITERAL_NULL_CONVERSION = YES;
				CLANG_WARN_OBJC_IMPLICIT_RETAIN_SELF = YES;
				CLANG_WARN_OBJC_LITERAL_CONVERSION = YES;
				CLANG_WARN_OBJC_ROOT_CLASS = YES_ERROR;
				CLANG_WARN_QUOTED_INCLUDE_IN_FRAMEWORK_HEADER = YES;
				CLANG_WARN_RANGE_LOOP_ANALYSIS = YES;
				CLANG_WARN_STRICT_PROTOTYPES = YES;
				CLANG_WARN_SUSPICIOUS_MOVE = YES;
				CLANG_WARN_UNGUARDED_AVAILABILITY = YES_AGGRESSIVE;
				CLANG_WARN_UNREACHABLE_CODE = YES;
				CLANG_WARN__DUPLICATE_METHOD_MATCH = YES;
				COPY_PHASE_STRIP = NO;
				DEBUG_INFORMATION_FORMAT = dwarf;
				ENABLE_STRICT_OBJC_MSGSEND = YES;
				ENABLE_TESTABILITY = YES;
				GCC_C_LANGUAGE_STANDARD = gnu11;
				GCC_DYNAMIC_NO_PIC = NO;
				GCC_NO_COMMON_BLOCKS = YES;
				GCC_OPTIMIZATION_LEVEL = 0;
				GCC_PREPROCESSOR_DEFINITIONS = (
					"DEBUG=1",
					"$(inherited)",
				);
				GCC_WARN_64_TO_32_BIT_CONVERSION = YES;
				GCC_WARN_ABOUT_RETURN_TYPE = YES_ERROR;
				GCC_WARN_UNDECLARED_SELECTOR = YES;
				GCC_WARN_UNINITIALIZED_AUTOS = YES_AGGRESSIVE;
				GCC_WARN_UNUSED_FUNCTION = YES;
				GCC_WARN_UNUSED_VARIABLE = YES;
				HEADER_SEARCH_PATHS = (
					"<Multiple",
					"values>",
					"\"${PODS_ROOT}/Firebase/Core/Sources\"",
				);
				IPHONEOS_DEPLOYMENT_TARGET = 16.2;
				MTL_ENABLE_DEBUG_INFO = INCLUDE_SOURCE;
				MTL_FAST_MATH = YES;
				ONLY_ACTIVE_ARCH = YES;
				SDKROOT = iphoneos;
				SWIFT_ACTIVE_COMPILATION_CONDITIONS = DEBUG;
				SWIFT_COMPILATION_MODE = wholemodule;
				SWIFT_OPTIMIZATION_LEVEL = "-Onone";
			};
			name = Debug;
		};
		CAB255922AE053D5002EA4DB /* Release */ = {
			isa = XCBuildConfiguration;
			buildSettings = {
				ALWAYS_SEARCH_USER_PATHS = NO;
				CLANG_ANALYZER_NONNULL = YES;
				CLANG_ANALYZER_NUMBER_OBJECT_CONVERSION = YES_AGGRESSIVE;
				CLANG_CXX_LANGUAGE_STANDARD = "gnu++20";
				CLANG_ENABLE_MODULES = YES;
				CLANG_ENABLE_OBJC_ARC = YES;
				CLANG_ENABLE_OBJC_WEAK = YES;
				CLANG_WARN_BLOCK_CAPTURE_AUTORELEASING = YES;
				CLANG_WARN_BOOL_CONVERSION = YES;
				CLANG_WARN_COMMA = YES;
				CLANG_WARN_CONSTANT_CONVERSION = YES;
				CLANG_WARN_DEPRECATED_OBJC_IMPLEMENTATIONS = YES;
				CLANG_WARN_DIRECT_OBJC_ISA_USAGE = YES_ERROR;
				CLANG_WARN_DOCUMENTATION_COMMENTS = YES;
				CLANG_WARN_EMPTY_BODY = YES;
				CLANG_WARN_ENUM_CONVERSION = YES;
				CLANG_WARN_INFINITE_RECURSION = YES;
				CLANG_WARN_INT_CONVERSION = YES;
				CLANG_WARN_NON_LITERAL_NULL_CONVERSION = YES;
				CLANG_WARN_OBJC_IMPLICIT_RETAIN_SELF = YES;
				CLANG_WARN_OBJC_LITERAL_CONVERSION = YES;
				CLANG_WARN_OBJC_ROOT_CLASS = YES_ERROR;
				CLANG_WARN_QUOTED_INCLUDE_IN_FRAMEWORK_HEADER = YES;
				CLANG_WARN_RANGE_LOOP_ANALYSIS = YES;
				CLANG_WARN_STRICT_PROTOTYPES = YES;
				CLANG_WARN_SUSPICIOUS_MOVE = YES;
				CLANG_WARN_UNGUARDED_AVAILABILITY = YES_AGGRESSIVE;
				CLANG_WARN_UNREACHABLE_CODE = YES;
				CLANG_WARN__DUPLICATE_METHOD_MATCH = YES;
				COPY_PHASE_STRIP = NO;
				DEBUG_INFORMATION_FORMAT = "dwarf-with-dsym";
				ENABLE_NS_ASSERTIONS = NO;
				ENABLE_STRICT_OBJC_MSGSEND = YES;
				GCC_C_LANGUAGE_STANDARD = gnu11;
				GCC_NO_COMMON_BLOCKS = YES;
				GCC_WARN_64_TO_32_BIT_CONVERSION = YES;
				GCC_WARN_ABOUT_RETURN_TYPE = YES_ERROR;
				GCC_WARN_UNDECLARED_SELECTOR = YES;
				GCC_WARN_UNINITIALIZED_AUTOS = YES_AGGRESSIVE;
				GCC_WARN_UNUSED_FUNCTION = YES;
				GCC_WARN_UNUSED_VARIABLE = YES;
				HEADER_SEARCH_PATHS = (
					"<Multiple",
					"values>",
					"\"${PODS_ROOT}/Firebase/Core/Sources\"",
				);
				IPHONEOS_DEPLOYMENT_TARGET = 16.2;
				MTL_ENABLE_DEBUG_INFO = NO;
				MTL_FAST_MATH = YES;
				SDKROOT = iphoneos;
				SWIFT_COMPILATION_MODE = wholemodule;
				SWIFT_OPTIMIZATION_LEVEL = "-O";
				VALIDATE_PRODUCT = YES;
			};
			name = Release;
		};
		CAB255942AE053D5002EA4DB /* Debug */ = {
			isa = XCBuildConfiguration;
			baseConfigurationReference = C319B86C0315A29760FE37FF /* Pods-Furshet64.debug.xcconfig */;
			buildSettings = {
				ASSETCATALOG_COMPILER_APPICON_NAME = AppIcon;
				ASSETCATALOG_COMPILER_GLOBAL_ACCENT_COLOR_NAME = AccentColor;
				CLANG_ENABLE_MODULES = YES;
				CODE_SIGN_STYLE = Automatic;
				CURRENT_PROJECT_VERSION = 1;
				DEVELOPMENT_TEAM = 67997C7NC2;
				GENERATE_INFOPLIST_FILE = YES;
				INFOPLIST_FILE = Furshet64/Info.plist;
				INFOPLIST_KEY_UIApplicationSupportsIndirectInputEvents = YES;
				INFOPLIST_KEY_UILaunchStoryboardName = LaunchScreen;
				INFOPLIST_KEY_UISupportedInterfaceOrientations_iPad = "UIInterfaceOrientationPortrait UIInterfaceOrientationPortraitUpsideDown UIInterfaceOrientationLandscapeLeft UIInterfaceOrientationLandscapeRight";
				INFOPLIST_KEY_UISupportedInterfaceOrientations_iPhone = "UIInterfaceOrientationPortrait UIInterfaceOrientationLandscapeLeft UIInterfaceOrientationLandscapeRight";
				LD_RUNPATH_SEARCH_PATHS = (
					"$(inherited)",
					"@executable_path/Frameworks",
				);
				MARKETING_VERSION = 1.0;
				PRODUCT_BUNDLE_IDENTIFIER = com.SlavaPuchkov.Furshet64;
				PRODUCT_NAME = "$(TARGET_NAME)";
				SWIFT_EMIT_LOC_STRINGS = YES;
				SWIFT_OBJC_BRIDGING_HEADER = "";
				SWIFT_OPTIMIZATION_LEVEL = "-Onone";
				SWIFT_VERSION = 5.0;
				TARGETED_DEVICE_FAMILY = "1,2";
			};
			name = Debug;
		};
		CAB255952AE053D5002EA4DB /* Release */ = {
			isa = XCBuildConfiguration;
			baseConfigurationReference = 0E628D096B2FAFB2673FBF6E /* Pods-Furshet64.release.xcconfig */;
			buildSettings = {
				ASSETCATALOG_COMPILER_APPICON_NAME = AppIcon;
				ASSETCATALOG_COMPILER_GLOBAL_ACCENT_COLOR_NAME = AccentColor;
				CLANG_ENABLE_MODULES = YES;
				CODE_SIGN_STYLE = Automatic;
				CURRENT_PROJECT_VERSION = 1;
				DEVELOPMENT_TEAM = 67997C7NC2;
				GENERATE_INFOPLIST_FILE = YES;
				INFOPLIST_FILE = Furshet64/Info.plist;
				INFOPLIST_KEY_UIApplicationSupportsIndirectInputEvents = YES;
				INFOPLIST_KEY_UILaunchStoryboardName = LaunchScreen;
				INFOPLIST_KEY_UISupportedInterfaceOrientations_iPad = "UIInterfaceOrientationPortrait UIInterfaceOrientationPortraitUpsideDown UIInterfaceOrientationLandscapeLeft UIInterfaceOrientationLandscapeRight";
				INFOPLIST_KEY_UISupportedInterfaceOrientations_iPhone = "UIInterfaceOrientationPortrait UIInterfaceOrientationLandscapeLeft UIInterfaceOrientationLandscapeRight";
				LD_RUNPATH_SEARCH_PATHS = (
					"$(inherited)",
					"@executable_path/Frameworks",
				);
				MARKETING_VERSION = 1.0;
				PRODUCT_BUNDLE_IDENTIFIER = com.SlavaPuchkov.Furshet64;
				PRODUCT_NAME = "$(TARGET_NAME)";
				SWIFT_EMIT_LOC_STRINGS = YES;
				SWIFT_OBJC_BRIDGING_HEADER = "";
				SWIFT_VERSION = 5.0;
				TARGETED_DEVICE_FAMILY = "1,2";
			};
			name = Release;
		};
/* End XCBuildConfiguration section */

/* Begin XCConfigurationList section */
		CAB2557A2AE053D1002EA4DB /* Build configuration list for PBXProject "Furshet64" */ = {
			isa = XCConfigurationList;
			buildConfigurations = (
				CAB255912AE053D5002EA4DB /* Debug */,
				CAB255922AE053D5002EA4DB /* Release */,
			);
			defaultConfigurationIsVisible = 0;
			defaultConfigurationName = Release;
		};
		CAB255932AE053D5002EA4DB /* Build configuration list for PBXNativeTarget "Furshet64" */ = {
			isa = XCConfigurationList;
			buildConfigurations = (
				CAB255942AE053D5002EA4DB /* Debug */,
				CAB255952AE053D5002EA4DB /* Release */,
			);
			defaultConfigurationIsVisible = 0;
			defaultConfigurationName = Release;
		};
/* End XCConfigurationList section */
	};
	rootObject = CAB255772AE053D1002EA4DB /* Project object */;
}
